
Microsoft Visual Studio Solution File, Format Version 12.00
Project("{FAE04EC0-301F-11D3-BF4B-00C04F79EFBC}") = "Robobobot.Server", "Robobobot.Server\Robobobot.Server.csproj", "{F2F9F344-3FD3-4DA4-BFC4-2289018BE1BA}"
EndProject
Project("{FAE04EC0-301F-11D3-BF4B-00C04F79EFBC}") = "Robobobot.Core", "Robobobot.Core\Robobobot.Core.csproj", "{B37C8655-F8CB-486E-AEC4-263EFF504720}"
EndProject
Project("{FAE04EC0-301F-11D3-BF4B-00C04F79EFBC}") = "Robobobot.Tests", "Robobobot.Tests\Robobobot.Tests.csproj", "{4CC09FA6-11CB-4664-8F56-3BFF4C4FB06A}"
EndProject
Global
	GlobalSection(SolutionConfigurationPlatforms) = preSolution
		Debug|Any CPU = Debug|Any CPU
		Release|Any CPU = Release|Any CPU
	EndGlobalSection
	GlobalSection(ProjectConfigurationPlatforms) = postSolution
		{F2F9F344-3FD3-4DA4-BFC4-2289018BE1BA}.Debug|Any CPU.ActiveCfg = Debug|Any CPU
		{F2F9F344-3FD3-4DA4-BFC4-2289018BE1BA}.Debug|Any CPU.Build.0 = Debug|Any CPU
		{F2F9F344-3FD3-4DA4-BFC4-2289018BE1BA}.Release|Any CPU.ActiveCfg = Release|Any CPU
		{F2F9F344-3FD3-4DA4-BFC4-2289018BE1BA}.Release|Any CPU.Build.0 = Release|Any CPU
		{B37C8655-F8CB-486E-AEC4-263EFF504720}.Debug|Any CPU.ActiveCfg = Debug|Any CPU
		{B37C8655-F8CB-486E-AEC4-263EFF504720}.Debug|Any CPU.Build.0 = Debug|Any CPU
		{B37C8655-F8CB-486E-AEC4-263EFF504720}.Release|Any CPU.ActiveCfg = Release|Any CPU
		{B37C8655-F8CB-486E-AEC4-263EFF504720}.Release|Any CPU.Build.0 = Release|Any CPU
		{4CC09FA6-11CB-4664-8F56-3BFF4C4FB06A}.Debug|Any CPU.ActiveCfg = Debug|Any CPU
		{4CC09FA6-11CB-4664-8F56-3BFF4C4FB06A}.Debug|Any CPU.Build.0 = Debug|Any CPU
		{4CC09FA6-11CB-4664-8F56-3BFF4C4FB06A}.Release|Any CPU.ActiveCfg = Release|Any CPU
		{4CC09FA6-11CB-4664-8F56-3BFF4C4FB06A}.Release|Any CPU.Build.0 = Release|Any CPU
	EndGlobalSection
EndGlobal
